
Microsoft Visual Studio Solution File, Format Version 12.00
# Visual Studio Version 16
VisualStudioVersion = 25.0.1706.8
MinimumVisualStudioVersion = 10.0.40219.1
Project("{FAE04EC0-301F-11D3-BF4B-00C04F79EFBC}") = "Assignment1", "Please\Assignment1.csproj", "{C0F6667D-3256-48A7-818F-379D0C72D672}"
EndProject
Global
	GlobalSection(SolutionConfigurationPlatforms) = preSolution
		Debug|Any CPU = Debug|Any CPU
		Release|Any CPU = Release|Any CPU
	EndGlobalSection
	GlobalSection(ProjectConfigurationPlatforms) = postSolution
		{C0F6667D-3256-48A7-818F-379D0C72D672}.Debug|Any CPU.ActiveCfg = Debug|Any CPU
		{C0F6667D-3256-48A7-818F-379D0C72D672}.Debug|Any CPU.Build.0 = Debug|Any CPU
		{C0F6667D-3256-48A7-818F-379D0C72D672}.Release|Any CPU.ActiveCfg = Release|Any CPU
		{C0F6667D-3256-48A7-818F-379D0C72D672}.Release|Any CPU.Build.0 = Release|Any CPU
	EndGlobalSection
	GlobalSection(SolutionProperties) = preSolution
		HideSolutionNode = FALSE
	EndGlobalSection
	GlobalSection(ExtensibilityGlobals) = postSolution
		SolutionGuid = {51342F77-B2D5-4CF6-95E2-2761D0687DD7}
	EndGlobalSection
EndGlobal
